Microsoft Visual Studio Solution File, Format Version 12.00
# Visual Studio Version 17
VisualStudioVersion = 17.5.2.0
MinimumVisualStudioVersion = 10.0.40219.1
Project("{FAE04EC0-301F-11D3-BF4B-00C04F79EFBC}") = "MI_GUI_WinUI", "MI_GUI_WinUI.csproj", "{4263621A-44F0-C44C-1B63-86CFF20C8AE6}"
EndProject
Global
	GlobalSection(SolutionConfigurationPlatforms) = preSolution
		Debug|Any CPU = Debug|Any CPU
		Release|Any CPU = Release|Any CPU
	EndGlobalSection
	GlobalSection(ProjectConfigurationPlatforms) = postSolution
		{4263621A-44F0-C44C-1B63-86CFF20C8AE6}.Debug|Any CPU.ActiveCfg = Debug|Any CPU
		{4263621A-44F0-C44C-1B63-86CFF20C8AE6}.Debug|Any CPU.Build.0 = Debug|Any CPU
		{4263621A-44F0-C44C-1B63-86CFF20C8AE6}.Release|Any CPU.ActiveCfg = Release|Any CPU
		{4263621A-44F0-C44C-1B63-86CFF20C8AE6}.Release|Any CPU.Build.0 = Release|Any CPU
	EndGlobalSection
	GlobalSection(SolutionProperties) = preSolution
		HideSolutionNode = FALSE
	EndGlobalSection
	GlobalSection(ExtensibilityGlobals) = postSolution
		SolutionGuid = {05491966-0E8B-42B7-926A-90010E49417D}
	EndGlobalSection
EndGlobal
